
Microsoft Visual Studio Solution File, Format Version 12.00
# Visual Studio Version 16
VisualStudioVersion = 16.0.30907.101
MinimumVisualStudioVersion = 10.0.40219.1
Project("{FAE04EC0-301F-11D3-BF4B-00C04F79EFBC}") = "Mp4Chapters", "Mp4Chapters\Mp4Chapters.csproj", "{35354873-5F4A-4AD9-8261-7F058D936E8C}"
EndProject
Global
	GlobalSection(SolutionConfigurationPlatforms) = preSolution
		Debug|Any CPU = Debug|Any CPU
		Release|Any CPU = Release|Any CPU
	EndGlobalSection
	GlobalSection(ProjectConfigurationPlatforms) = postSolution
		{35354873-5F4A-4AD9-8261-7F058D936E8C}.Debug|Any CPU.ActiveCfg = Debug|Any CPU
		{35354873-5F4A-4AD9-8261-7F058D936E8C}.Debug|Any CPU.Build.0 = Debug|Any CPU
		{35354873-5F4A-4AD9-8261-7F058D936E8C}.Release|Any CPU.ActiveCfg = Release|Any CPU
		{35354873-5F4A-4AD9-8261-7F058D936E8C}.Release|Any CPU.Build.0 = Release|Any CPU
	EndGlobalSection
	GlobalSection(SolutionProperties) = preSolution
		HideSolutionNode = FALSE
	EndGlobalSection
	GlobalSection(ExtensibilityGlobals) = postSolution
		SolutionGuid = {D37E17BC-539B-428F-95D6-409493F6FCE5}
	EndGlobalSection
EndGlobal
